
Microsoft Visual Studio Solution File, Format Version 12.00
# Visual Studio Version 17
VisualStudioVersion = 17.1.32210.238
MinimumVisualStudioVersion = 10.0.40219.1
Project("{FAE04EC0-301F-11D3-BF4B-00C04F79EFBC}") = "DersOrnek", "DersOrnek\DersOrnek.csproj", "{67B3DC4D-D152-4047-BB5F-190E4316D450}"
EndProject
Global
	GlobalSection(SolutionConfigurationPlatforms) = preSolution
		Debug|Any CPU = Debug|Any CPU
		Release|Any CPU = Release|Any CPU
	EndGlobalSection
	GlobalSection(ProjectConfigurationPlatforms) = postSolution
		{67B3DC4D-D152-4047-BB5F-190E4316D450}.Debug|Any CPU.ActiveCfg = Debug|Any CPU
		{67B3DC4D-D152-4047-BB5F-190E4316D450}.Debug|Any CPU.Build.0 = Debug|Any CPU
		{67B3DC4D-D152-4047-BB5F-190E4316D450}.Release|Any CPU.ActiveCfg = Release|Any CPU
		{67B3DC4D-D152-4047-BB5F-190E4316D450}.Release|Any CPU.Build.0 = Release|Any CPU
	EndGlobalSection
	GlobalSection(SolutionProperties) = preSolution
		HideSolutionNode = FALSE
	EndGlobalSection
	GlobalSection(ExtensibilityGlobals) = postSolution
		SolutionGuid = {91C1D4B2-2CC1-4AB3-BE34-D245FF2453AB}
	EndGlobalSection
EndGlobal
